# This file is automatically @generated by Cargo.
# It is not intended for manual editing.
version = 3

[[package]]
name = "intrepid"
version = "0.1.0"
dependencies = [
 "ipnet",
]

[[package]]
name = "ipnet"
version = "2.7.0"
source = "registry+https://github.com/rust-lang/crates.io-index"
checksum = "11b0d96e660696543b251e58030cf9787df56da39dab19ad60eae7353040917e"
